[[package]]
name = "apscheduler"
version = "3.9.1"
description = "In-process task scheduler with Cron-like capabilities"
category = "main"
optional = false
python-versions = ">=2.7, !=3.0.*, !=3.1.*, !=3.2.*, !=3.3.*, !=3.4.*, <4"

[package.dependencies]
pytz = "*"
six = ">=1.4.0"
tzlocal = ">=2.0,<3.0.0 || >=4.0.0"

[package.extras]
asyncio = ["trollius"]
doc = ["sphinx", "sphinx-rtd-theme"]
gevent = ["gevent"]
mongodb = ["pymongo (>=3.0)"]
redis = ["redis (>=3.0)"]
rethinkdb = ["rethinkdb (>=2.4.0)"]
sqlalchemy = ["sqlalchemy (>=0.8)"]
testing = ["pytest", "pytest-cov", "pytest-tornado5", "mock", "pytest-asyncio (<0.6)", "pytest-asyncio"]
tornado = ["tornado (>=4.3)"]
twisted = ["twisted"]
zookeeper = ["kazoo"]

[[package]]
name = "certifi"
version = "2021.10.8"
description = "Python package for providing Mozilla's CA Bundle."
category = "main"
optional = false
python-versions = "*"

[[package]]
name = "cffi"
version = "1.15.0"
description = "Foreign Function Interface for Python calling C code."
category = "main"
optional = false
python-versions = "*"

[package.dependencies]
pycparser = "*"

[[package]]
name = "cryptography"
version = "36.0.2"
description = "cryptography is a package which provides cryptographic recipes and primitives to Python developers."
category = "main"
optional = false
python-versions = ">=3.6"

[package.dependencies]
cffi = ">=1.12"

[package.extras]
docs = ["sphinx (>=1.6.5,!=1.8.0,!=3.1.0,!=3.1.1)", "sphinx-rtd-theme"]
docstest = ["pyenchant (>=1.6.11)", "twine (>=1.12.0)", "sphinxcontrib-spelling (>=4.0.1)"]
pep8test = ["black", "flake8", "flake8-import-order", "pep8-naming"]
sdist = ["setuptools_rust (>=0.11.4)"]
ssh = ["bcrypt (>=3.1.5)"]
test = ["pytest (>=6.2.0)", "pytest-cov", "pytest-subtests", "pytest-xdist", "pretend", "iso8601", "pytz", "hypothesis (>=1.11.4,!=3.79.2)"]

[[package]]
name = "decorator"
version = "5.1.1"
description = "Decorators for Humans"
category = "main"
optional = false
python-versions = ">=3.5"

[[package]]
name = "julian"
version = "0.14"
description = "Simple library for converting between Julian calendar dates and datetime objects"
category = "main"
optional = false
python-versions = "*"

[[package]]
name = "memoization"
version = "0.4.0"
description = "A powerful caching library for Python, with TTL support and multiple algorithm options. (https://github.com/lonelyenvoy/python-memoization)"
category = "main"
optional = false
python-versions = ">=3, !=3.0.*, !=3.1.*, !=3.2.*, !=3.3.*, <4"

[[package]]
name = "numpy"
version = "1.22.3"
description = "NumPy is the fundamental package for array computing with Python."
category = "main"
optional = false
python-versions = ">=3.8"

[[package]]
name = "pycparser"
version = "2.21"
description = "C parser in Python"
category = "main"
optional = false
python-versions = ">=2.7, !=3.0.*, !=3.1.*, !=3.2.*, !=3.3.*"

[[package]]
name = "pymongo"
version = "4.1.1"
description = "Python driver for MongoDB <http://www.mongodb.org>"
category = "main"
optional = false
python-versions = ">=3.6.2"

[package.extras]
aws = ["pymongo-auth-aws (<2.0.0)"]
encryption = ["pymongocrypt (>=1.2.0,<2.0.0)"]
gssapi = ["pykerberos"]
ocsp = ["pyopenssl (>=17.2.0)", "requests (<3.0.0)", "service-identity (>=18.1.0)", "certifi"]
snappy = ["python-snappy"]
srv = ["dnspython (>=1.16.0,<3.0.0)"]
zstd = ["zstandard"]

[[package]]
name = "python-dateutil"
version = "2.8.2"
description = "Extensions to the standard Python datetime module"
category = "main"
optional = false
python-versions = "!=3.0.*,!=3.1.*,!=3.2.*,>=2.7"

[package.dependencies]
six = ">=1.5"

[[package]]
name = "python-telegram-bot"
version = "12.8"
description = "We have made you a wrapper you can't refuse"
category = "main"
optional = false
python-versions = "*"

[package.dependencies]
certifi = "*"
cryptography = "*"
decorator = ">=4.4.0"
tornado = ">=5.1"

[package.extras]
json = ["ujson"]
socks = ["pysocks"]

[[package]]
name = "pytz"
version = "2022.1"
description = "World timezone definitions, modern and historical"
category = "main"
optional = false
python-versions = "*"

[[package]]
name = "pytz-deprecation-shim"
version = "0.1.0.post0"
description = "Shims to make deprecation of pytz easier"
category = "main"
optional = false
python-versions = "!=3.0.*,!=3.1.*,!=3.2.*,!=3.3.*,!=3.4.*,!=3.5.*,>=2.7"

[package.dependencies]
tzdata = {version = "*", markers = "python_version >= \"3.6\""}

[[package]]
name = "six"
version = "1.16.0"
description = "Python 2 and 3 compatibility utilities"
category = "main"
optional = false
python-versions = ">=2.7, !=3.0.*, !=3.1.*, !=3.2.*"

[[package]]
name = "timezonefinder"
version = "5.2.0"
description = "fast python package for finding the timezone of any point on earth (coordinates) offline"
category = "main"
optional = false
python-versions = ">=3.6"

[package.dependencies]
numpy = ">=1.16"

[package.extras]
numba = ["numba (>=0.48)"]

[[package]]
name = "tornado"
version = "6.1"
description = "Tornado is a Python web framework and asynchronous networking library, originally developed at FriendFeed."
category = "main"
optional = false
python-versions = ">= 3.5"

[[package]]
name = "tzdata"
version = "2022.1"
description = "Provider of IANA time zone data"
category = "main"
optional = false
python-versions = ">=2"

[[package]]
name = "tzlocal"
version = "4.2"
description = "tzinfo object for the local timezone"
category = "main"
optional = false
python-versions = ">=3.6"

[package.dependencies]
pytz-deprecation-shim = "*"
tzdata = {version = "*", markers = "platform_system == \"Windows\""}

[package.extras]
devenv = ["black", "pyroma", "pytest-cov", "zest.releaser"]
test = ["pytest-mock (>=3.3)", "pytest (>=4.3)"]

[[package]]
name = "zmanim"
version = "0.3.1"
description = "A Zmanim library for Python"
category = "main"
optional = false
python-versions = ">=3.6"

[package.dependencies]
julian = "*"
memoization = "*"
python-dateutil = "*"

[metadata]
lock-version = "1.1"
python-versions = "^3.9"
content-hash = "f5918c6064ac1c6d742fac8859bb1601c37771ed2aafb82b53d97b20c2d09e32"

[metadata.files]
apscheduler = [
    {file = "APScheduler-3.9.1-py2.py3-none-any.whl", hash = "sha256:ddc25a0ddd899de44d7f451f4375fb971887e65af51e41e5dcf681f59b8b2c9a"},
    {file = "APScheduler-3.9.1.tar.gz", hash = "sha256:65e6574b6395498d371d045f2a8a7e4f7d50c6ad21ef7313d15b1c7cf20df1e3"},
]
certifi = [
    {file = "certifi-2021.10.8-py2.py3-none-any.whl", hash = "sha256:d62a0163eb4c2344ac042ab2bdf75399a71a2d8c7d47eac2e2ee91b9d6339569"},
    {file = "certifi-2021.10.8.tar.gz", hash = "sha256:78884e7c1d4b00ce3cea67b44566851c4343c120abd683433ce934a68ea58872"},
]
cffi = [
    {file = "cffi-1.15.0-cp27-cp27m-macosx_10_9_x86_64.whl", hash = "sha256:c2502a1a03b6312837279c8c1bd3ebedf6c12c4228ddbad40912d671ccc8a962"},
    {file = "cffi-1.15.0-cp27-cp27m-manylinux1_i686.whl", hash = "sha256:23cfe892bd5dd8941608f93348c0737e369e51c100d03718f108bf1add7bd6d0"},
    {file = "cffi-1.15.0-cp27-cp27m-manylinux1_x86_64.whl", hash = "sha256:41d45de54cd277a7878919867c0f08b0cf817605e4eb94093e7516505d3c8d14"},
    {file = "cffi-1.15.0-cp27-cp27m-win32.whl", hash = "sha256:4a306fa632e8f0928956a41fa8e1d6243c71e7eb59ffbd165fc0b41e316b2474"},
    {file = "cffi-1.15.0-cp27-cp27m-win_amd64.whl", hash = "sha256:e7022a66d9b55e93e1a845d8c9eba2a1bebd4966cd8bfc25d9cd07d515b33fa6"},
    {file = "cffi-1.15.0-cp27-cp27mu-manylinux1_i686.whl", hash = "sha256:14cd121ea63ecdae71efa69c15c5543a4b5fbcd0bbe2aad864baca0063cecf27"},
    {file = "cffi-1.15.0-cp27-cp27mu-manylinux1_x86_64.whl", hash = "sha256:d4d692a89c5cf08a8557fdeb329b82e7bf609aadfaed6c0d79f5a449a3c7c023"},
    {file = "cffi-1.15.0-cp310-cp310-macosx_10_9_x86_64.whl", hash = "sha256:0104fb5ae2391d46a4cb082abdd5c69ea4eab79d8d44eaaf79f1b1fd806ee4c2"},
    {file = "cffi-1.15.0-cp310-cp310-macosx_11_0_arm64.whl", hash = "sha256:91ec59c33514b7c7559a6acda53bbfe1b283949c34fe7440bcf917f96ac0723e"},
    {file = "cffi-1.15.0-cp310-cp310-manylinux_2_12_i686.manylinux2010_i686.whl", hash = "sha256:f5c7150ad32ba43a07c4479f40241756145a1f03b43480e058cfd862bf5041c7"},
    {file = "cffi-1.15.0-cp310-cp310-manylinux_2_12_x86_64.manylinux2010_x86_64.whl", hash = "sha256:00c878c90cb53ccfaae6b8bc18ad05d2036553e6d9d1d9dbcf323bbe83854ca3"},
    {file = "cffi-1.15.0-cp310-cp310-manylinux_2_17_aarch64.manylinux2014_aarch64.whl", hash = "sha256:abb9a20a72ac4e0fdb50dae135ba5e77880518e742077ced47eb1499e29a443c"},
    {file = "cffi-1.15.0-cp310-cp310-manylinux_2_17_ppc64le.manylinux2014_ppc64le.whl", hash = "sha256:a5263e363c27b653a90078143adb3d076c1a748ec9ecc78ea2fb916f9b861962"},
    {file = "cffi-1.15.0-cp310-cp310-manylinux_2_17_s390x.manylinux2014_s390x.whl", hash = "sha256:f54a64f8b0c8ff0b64d18aa76675262e1700f3995182267998c31ae974fbc382"},
    {file = "cffi-1.15.0-cp310-cp310-win32.whl", hash = "sha256:c21c9e3896c23007803a875460fb786118f0cdd4434359577ea25eb556e34c55"},
    {file = "cffi-1.15.0-cp310-cp310-win_amd64.whl", hash = "sha256:5e069f72d497312b24fcc02073d70cb989045d1c91cbd53979366077959933e0"},
    {file = "cffi-1.15.0-cp36-cp36m-macosx_10_9_x86_64.whl", hash = "sha256:64d4ec9f448dfe041705426000cc13e34e6e5bb13736e9fd62e34a0b0c41566e"},
    {file = "cffi-1.15.0-cp36-cp36m-manylinux_2_17_aarch64.manylinux2014_aarch64.whl", hash = "sha256:2756c88cbb94231c7a147402476be2c4df2f6078099a6f4a480d239a8817ae39"},
    {file = "cffi-1.15.0-cp36-cp36m-manylinux_2_17_ppc64le.manylinux2014_ppc64le.whl", hash = "sha256:3b96a311ac60a3f6be21d2572e46ce67f09abcf4d09344c49274eb9e0bf345fc"},
    {file = "cffi-1.15.0-cp36-cp36m-manylinux_2_17_s390x.manylinux2014_s390x.whl", hash = "sha256:75e4024375654472cc27e91cbe9eaa08567f7fbdf822638be2814ce059f58032"},
    {file = "cffi-1.15.0-cp36-cp36m-manylinux_2_5_i686.manylinux1_i686.whl", hash = "sha256:59888172256cac5629e60e72e86598027aca6bf01fa2465bdb676d37636573e8"},
    {file = "cffi-1.15.0-cp36-cp36m-manylinux_2_5_x86_64.manylinux1_x86_64.whl", hash = "sha256:27c219baf94952ae9d50ec19651a687b826792055353d07648a5695413e0c605"},
    {file = "cffi-1.15.0-cp36-cp36m-win32.whl", hash = "sha256:4958391dbd6249d7ad855b9ca88fae690783a6be9e86df65865058ed81fc860e"},
    {file = "cffi-1.15.0-cp36-cp36m-win_amd64.whl", hash = "sha256:f6f824dc3bce0edab5f427efcfb1d63ee75b6fcb7282900ccaf925be84efb0fc"},
    {file = "cffi-1.15.0-cp37-cp37m-macosx_10_9_x86_64.whl", hash = "sha256:06c48159c1abed75c2e721b1715c379fa3200c7784271b3c46df01383b593636"},
    {file = "cffi-1.15.0-cp37-cp37m-manylinux_2_12_i686.manylinux2010_i686.whl", hash = "sha256:c2051981a968d7de9dd2d7b87bcb9c939c74a34626a6e2f8181455dd49ed69e4"},
    {file = "cffi-1.15.0-cp37-cp37m-manylinux_2_12_x86_64.manylinux2010_x86_64.whl", hash = "sha256:fd8a250edc26254fe5b33be00402e6d287f562b6a5b2152dec302fa15bb3e997"},
    {file = "cffi-1.15.0-cp37-cp37m-manylinux_2_17_aarch64.manylinux2014_aarch64.whl", hash = "sha256:91d77d2a782be4274da750752bb1650a97bfd8f291022b379bb8e01c66b4e96b"},
    {file = "cffi-1.15.0-cp37-cp37m-manylinux_2_17_ppc64le.manylinux2014_ppc64le.whl", hash = "sha256:45db3a33139e9c8f7c09234b5784a5e33d31fd6907800b316decad50af323ff2"},
    {file = "cffi-1.15.0-cp37-cp37m-manylinux_2_17_s390x.manylinux2014_s390x.whl", hash = "sha256:263cc3d821c4ab2213cbe8cd8b355a7f72a8324577dc865ef98487c1aeee2bc7"},
    {file = "cffi-1.15.0-cp37-cp37m-win32.whl", hash = "sha256:17771976e82e9f94976180f76468546834d22a7cc404b17c22df2a2c81db0c66"},
    {file = "cffi-1.15.0-cp37-cp37m-win_amd64.whl", hash = "sha256:3415c89f9204ee60cd09b235810be700e993e343a408693e80ce7f6a40108029"},
    {file = "cffi-1.15.0-cp38-cp38-macosx_10_9_x86_64.whl", hash = "sha256:4238e6dab5d6a8ba812de994bbb0a79bddbdf80994e4ce802b6f6f3142fcc880"},
    {file = "cffi-1.15.0-cp38-cp38-manylinux_2_12_i686.manylinux2010_i686.whl", hash = "sha256:0808014eb713677ec1292301ea4c81ad277b6cdf2fdd90fd540af98c0b101d20"},
    {file = "cffi-1.15.0-cp38-cp38-manylinux_2_12_x86_64.manylinux2010_x86_64.whl", hash = "sha256:57e9ac9ccc3101fac9d6014fba037473e4358ef4e89f8e181f8951a2c0162024"},
    {file = "cffi-1.15.0-cp38-cp38-manylinux_2_17_aarch64.manylinux2014_aarch64.whl", hash = "sha256:8b6c2ea03845c9f501ed1313e78de148cd3f6cad741a75d43a29b43da27f2e1e"},
    {file = "cffi-1.15.0-cp38-cp38-manylinux_2_17_ppc64le.manylinux2014_ppc64le.whl", hash = "sha256:10dffb601ccfb65262a27233ac273d552ddc4d8ae1bf93b21c94b8511bffe728"},
    {file = "cffi-1.15.0-cp38-cp38-manylinux_2_17_s390x.manylinux2014_s390x.whl", hash = "sha256:786902fb9ba7433aae840e0ed609f45c7bcd4e225ebb9c753aa39725bb3e6ad6"},
    {file = "cffi-1.15.0-cp38-cp38-win32.whl", hash = "sha256:da5db4e883f1ce37f55c667e5c0de439df76ac4cb55964655906306918e7363c"},
    {file = "cffi-1.15.0-cp38-cp38-win_amd64.whl", hash = "sha256:181dee03b1170ff1969489acf1c26533710231c58f95534e3edac87fff06c443"},
    {file = "cffi-1.15.0-cp39-cp39-macosx_10_9_x86_64.whl", hash = "sha256:45e8636704eacc432a206ac7345a5d3d2c62d95a507ec70d62f23cd91770482a"},
    {file = "cffi-1.15.0-cp39-cp39-macosx_11_0_arm64.whl", hash = "sha256:31fb708d9d7c3f49a60f04cf5b119aeefe5644daba1cd2a0fe389b674fd1de37"},
    {file = "cffi-1.15.0-cp39-cp39-manylinux_2_12_i686.manylinux2010_i686.whl", hash = "sha256:6dc2737a3674b3e344847c8686cf29e500584ccad76204efea14f451d4cc669a"},
    {file = "cffi-1.15.0-cp39-cp39-manylinux_2_12_x86_64.manylinux2010_x86_64.whl", hash = "sha256:74fdfdbfdc48d3f47148976f49fab3251e550a8720bebc99bf1483f5bfb5db3e"},
    {file = "cffi-1.15.0-cp39-cp39-manylinux_2_17_aarch64.manylinux2014_aarch64.whl", hash = "sha256:ffaa5c925128e29efbde7301d8ecaf35c8c60ffbcd6a1ffd3a552177c8e5e796"},
    {file = "cffi-1.15.0-cp39-cp39-manylinux_2_17_ppc64le.manylinux2014_ppc64le.whl", hash = "sha256:3f7d084648d77af029acb79a0ff49a0ad7e9d09057a9bf46596dac9514dc07df"},
    {file = "cffi-1.15.0-cp39-cp39-manylinux_2_17_s390x.manylinux2014_s390x.whl", hash = "sha256:ef1f279350da2c586a69d32fc8733092fd32cc8ac95139a00377841f59a3f8d8"},
    {file = "cffi-1.15.0-cp39-cp39-win32.whl", hash = "sha256:2a23af14f408d53d5e6cd4e3d9a24ff9e05906ad574822a10563efcef137979a"},
    {file = "cffi-1.15.0-cp39-cp39-win_amd64.whl", hash = "sha256:3773c4d81e6e818df2efbc7dd77325ca0dcb688116050fb2b3011218eda36139"},
    {file = "cffi-1.15.0.tar.gz", hash = "sha256:920f0d66a896c2d99f0adbb391f990a84091179542c205fa53ce5787aff87954"},
]
cryptography = [
    {file = "cryptography-36.0.2-cp36-abi3-macosx_10_10_universal2.whl", hash = "sha256:4e2dddd38a5ba733be6a025a1475a9f45e4e41139d1321f412c6b360b19070b6"},
    {file = "cryptography-36.0.2-cp36-abi3-macosx_10_10_x86_64.whl", hash = "sha256:4881d09298cd0b669bb15b9cfe6166f16fc1277b4ed0d04a22f3d6430cb30f1d"},
    {file = "cryptography-36.0.2-cp36-abi3-manylinux_2_12_x86_64.manylinux2010_x86_64.whl", hash = "sha256:ea634401ca02367c1567f012317502ef3437522e2fc44a3ea1844de028fa4b84"},
    {file = "cryptography-36.0.2-cp36-abi3-manylinux_2_17_aarch64.manylinux2014_aarch64.manylinux_2_24_aarch64.whl", hash = "sha256:7be666cc4599b415f320839e36367b273db8501127b38316f3b9f22f17a0b815"},
    {file = "cryptography-36.0.2-cp36-abi3-manylinux_2_17_aarch64.manylinux2014_aarch64.whl", hash = "sha256:8241cac0aae90b82d6b5c443b853723bcc66963970c67e56e71a2609dc4b5eaf"},
    {file = "cryptography-36.0.2-cp36-abi3-manylinux_2_17_x86_64.manylinux2014_x86_64.whl", hash = "sha256:7b2d54e787a884ffc6e187262823b6feb06c338084bbe80d45166a1cb1c6c5bf"},
    {file = "cryptography-36.0.2-cp36-abi3-manylinux_2_24_x86_64.whl", hash = "sha256:c2c5250ff0d36fd58550252f54915776940e4e866f38f3a7866d92b32a654b86"},
    {file = "cryptography-36.0.2-cp36-abi3-musllinux_1_1_aarch64.whl", hash = "sha256:ec6597aa85ce03f3e507566b8bcdf9da2227ec86c4266bd5e6ab4d9e0cc8dab2"},
    {file = "cryptography-36.0.2-cp36-abi3-musllinux_1_1_x86_64.whl", hash = "sha256:ca9f686517ec2c4a4ce930207f75c00bf03d94e5063cbc00a1dc42531511b7eb"},
    {file = "cryptography-36.0.2-cp36-abi3-win32.whl", hash = "sha256:f64b232348ee82f13aac22856515ce0195837f6968aeaa94a3d0353ea2ec06a6"},
    {file = "cryptography-36.0.2-cp36-abi3-win_amd64.whl", hash = "sha256:53e0285b49fd0ab6e604f4c5d9c5ddd98de77018542e88366923f152dbeb3c29"},
    {file = "cryptography-36.0.2-pp37-pypy37_pp73-manylinux_2_12_x86_64.manylinux2010_x86_64.whl", hash = "sha256:32db5cc49c73f39aac27574522cecd0a4bb7384e71198bc65a0d23f901e89bb7"},
    {file = "cryptography-36.0.2-pp37-pypy37_pp73-manylinux_2_17_x86_64.manylinux2014_x86_64.whl", hash = "sha256:d2b3d199647468d410994dbeb8cec5816fb74feb9368aedf300af709ef507e3e"},
    {file = "cryptography-36.0.2-pp37-pypy37_pp73-manylinux_2_24_x86_64.whl", hash = "sha256:da73d095f8590ad437cd5e9faf6628a218aa7c387e1fdf67b888b47ba56a17f0"},
    {file = "cryptography-36.0.2-pp38-pypy38_pp73-macosx_10_10_x86_64.whl", hash = "sha256:0a3bf09bb0b7a2c93ce7b98cb107e9170a90c51a0162a20af1c61c765b90e60b"},
    {file = "cryptography-36.0.2-pp38-pypy38_pp73-manylinux_2_12_x86_64.manylinux2010_x86_64.whl", hash = "sha256:8897b7b7ec077c819187a123174b645eb680c13df68354ed99f9b40a50898f77"},
    {file = "cryptography-36.0.2-pp38-pypy38_pp73-manylinux_2_17_x86_64.manylinux2014_x86_64.whl", hash = "sha256:82740818f2f240a5da8dfb8943b360e4f24022b093207160c77cadade47d7c85"},
    {file = "cryptography-36.0.2-pp38-pypy38_pp73-manylinux_2_24_x86_64.whl", hash = "sha256:1f64a62b3b75e4005df19d3b5235abd43fa6358d5516cfc43d87aeba8d08dd51"},
    {file = "cryptography-36.0.2-pp38-pypy38_pp73-win_amd64.whl", hash = "sha256:e167b6b710c7f7bc54e67ef593f8731e1f45aa35f8a8a7b72d6e42ec76afd4b3"},
    {file = "cryptography-36.0.2.tar.gz", hash = "sha256:70f8f4f7bb2ac9f340655cbac89d68c527af5bb4387522a8413e841e3e6628c9"},
]
decorator = [
    {file = "decorator-5.1.1-py3-none-any.whl", hash = "sha256:b8c3f85900b9dc423225913c5aace94729fe1fa9763b38939a95226f02d37186"},
    {file = "decorator-5.1.1.tar.gz", hash = "sha256:637996211036b6385ef91435e4fae22989472f9d571faba8927ba8253acbc330"},
]
julian = [
    {file = "julian-0.14.zip", hash = "sha256:deee4090faad584c1875d97e72808198f802a9d2dc38a70fe2a8f790ea5dbd0a"},
]
memoization = [
    {file = "memoization-0.4.0.tar.gz", hash = "sha256:fde5e7cd060ef45b135e0310cfec17b2029dc472ccb5bbbbb42a503d4538a135"},
]
numpy = [
    {file = "numpy-1.22.3-cp310-cp310-macosx_10_14_x86_64.whl", hash = "sha256:92bfa69cfbdf7dfc3040978ad09a48091143cffb778ec3b03fa170c494118d75"},
    {file = "numpy-1.22.3-cp310-cp310-macosx_11_0_arm64.whl", hash = "sha256:8251ed96f38b47b4295b1ae51631de7ffa8260b5b087808ef09a39a9d66c97ab"},
    {file = "numpy-1.22.3-cp310-cp310-manylinux_2_17_aarch64.manylinux2014_aarch64.whl", hash = "sha256:48a3aecd3b997bf452a2dedb11f4e79bc5bfd21a1d4cc760e703c31d57c84b3e"},
    {file = "numpy-1.22.3-cp310-cp310-manylinux_2_17_x86_64.manylinux2014_x86_64.whl", hash = "sha256:a3bae1a2ed00e90b3ba5f7bd0a7c7999b55d609e0c54ceb2b076a25e345fa9f4"},
    {file = "numpy-1.22.3-cp310-cp310-win32.whl", hash = "sha256:f950f8845b480cffe522913d35567e29dd381b0dc7e4ce6a4a9f9156417d2430"},
    {file = "numpy-1.22.3-cp310-cp310-win_amd64.whl", hash = "sha256:08d9b008d0156c70dc392bb3ab3abb6e7a711383c3247b410b39962263576cd4"},
    {file = "numpy-1.22.3-cp38-cp38-macosx_10_14_x86_64.whl", hash = "sha256:201b4d0552831f7250a08d3b38de0d989d6f6e4658b709a02a73c524ccc6ffce"},
    {file = "numpy-1.22.3-cp38-cp38-macosx_11_0_arm64.whl", hash = "sha256:f8c1f39caad2c896bc0018f699882b345b2a63708008be29b1f355ebf6f933fe"},
    {file = "numpy-1.22.3-cp38-cp38-manylinux_2_17_aarch64.manylinux2014_aarch64.whl", hash = "sha256:568dfd16224abddafb1cbcce2ff14f522abe037268514dd7e42c6776a1c3f8e5"},
    {file = "numpy-1.22.3-cp38-cp38-manylinux_2_17_x86_64.manylinux2014_x86_64.whl", hash = "sha256:3ca688e1b9b95d80250bca34b11a05e389b1420d00e87a0d12dc45f131f704a1"},
    {file = "numpy-1.22.3-cp38-cp38-win32.whl", hash = "sha256:e7927a589df200c5e23c57970bafbd0cd322459aa7b1ff73b7c2e84d6e3eae62"},
    {file = "numpy-1.22.3-cp38-cp38-win_amd64.whl", hash = "sha256:07a8c89a04997625236c5ecb7afe35a02af3896c8aa01890a849913a2309c676"},
    {file = "numpy-1.22.3-cp39-cp39-macosx_10_14_x86_64.whl", hash = "sha256:2c10a93606e0b4b95c9b04b77dc349b398fdfbda382d2a39ba5a822f669a0123"},
    {file = "numpy-1.22.3-cp39-cp39-macosx_11_0_arm64.whl", hash = "sha256:fade0d4f4d292b6f39951b6836d7a3c7ef5b2347f3c420cd9820a1d90d794802"},
    {file = "numpy-1.22.3-cp39-cp39-manylinux_2_17_aarch64.manylinux2014_aarch64.whl", hash = "sha256:5bfb1bb598e8229c2d5d48db1860bcf4311337864ea3efdbe1171fb0c5da515d"},
    {file = "numpy-1.22.3-cp39-cp39-manylinux_2_17_x86_64.manylinux2014_x86_64.whl", hash = "sha256:97098b95aa4e418529099c26558eeb8486e66bd1e53a6b606d684d0c3616b168"},
    {file = "numpy-1.22.3-cp39-cp39-win32.whl", hash = "sha256:fdf3c08bce27132395d3c3ba1503cac12e17282358cb4bddc25cc46b0aca07aa"},
    {file = "numpy-1.22.3-cp39-cp39-win_amd64.whl", hash = "sha256:639b54cdf6aa4f82fe37ebf70401bbb74b8508fddcf4797f9fe59615b8c5813a"},
    {file = "numpy-1.22.3-pp38-pypy38_pp73-manylinux_2_17_x86_64.manylinux2014_x86_64.whl", hash = "sha256:c34ea7e9d13a70bf2ab64a2532fe149a9aced424cd05a2c4ba662fd989e3e45f"},
    {file = "numpy-1.22.3.zip", hash = "sha256:dbc7601a3b7472d559dc7b933b18b4b66f9aa7452c120e87dfb33d02008c8a18"},
]
pycparser = [
    {file = "pycparser-2.21-py2.py3-none-any.whl", hash = "sha256:8ee45429555515e1f6b185e78100aea234072576aa43ab53aefcae078162fca9"},
    {file = "pycparser-2.21.tar.gz", hash = "sha256:e644fdec12f7872f86c58ff790da456218b10f863970249516d60a5eaca77206"},
]
pymongo = [
    {file = "pymongo-4.1.1-cp310-cp310-macosx_10_9_universal2.whl", hash = "sha256:eff9818b7671a55f1ce781398607e0d8c304cd430c0581fbe15b868a7a371c27"},
    {file = "pymongo-4.1.1-cp310-cp310-manylinux1_i686.whl", hash = "sha256:7507439cd799295893b5602f438f8b6a0f483efb00720df1aa33a39102b41bcf"},
    {file = "pymongo-4.1.1-cp310-cp310-manylinux2014_aarch64.whl", hash = "sha256:c759e1e0333664831d8d1d6b26cf59f23f3707758f696c71f506504b33130f81"},
    {file = "pymongo-4.1.1-cp310-cp310-manylinux2014_i686.whl", hash = "sha256:69beffb048de19f7c18617b90e38cbddfac20077b1826c27c3fe2e3ef8ac5a43"},
    {file = "pymongo-4.1.1-cp310-cp310-manylinux2014_ppc64le.whl", hash = "sha256:cbcac9263f500da94405cc9fc7e7a42a3ba6c2fe88b2cd7039737cba44c66889"},
    {file = "pymongo-4.1.1-cp310-cp310-manylinux2014_s390x.whl", hash = "sha256:d4ba5b4f1a0334dbe673f767f28775744e793fcb9ea57a1d72bc622c9f90e6b4"},
    {file = "pymongo-4.1.1-cp310-cp310-manylinux2014_x86_64.whl", hash = "sha256:c575f9499e5f540e034ff87bef894f031ae613a98b0d1d3afcc1f482527d5f1c"},
    {file = "pymongo-4.1.1-cp310-cp310-manylinux_2_17_aarch64.manylinux2014_aarch64.whl", hash = "sha256:89f32d8450e15b0c11efdc81e2704d68c502c889d48415a50add9fa031144f75"},
    {file = "pymongo-4.1.1-cp310-cp310-manylinux_2_17_ppc64le.manylinux2014_ppc64le.whl", hash = "sha256:a1417cb339a367a5dfd0e50193a1c0e87e31325547a0e7624ee4ff414c0b53b3"},
    {file = "pymongo-4.1.1-cp310-cp310-manylinux_2_17_s390x.manylinux2014_s390x.whl", hash = "sha256:56b856a459762a3c052987e28ed2bd4b874f0be6671d2cc4f74c4891f47f997a"},
    {file = "pymongo-4.1.1-cp310-cp310-manylinux_2_17_x86_64.manylinux2014_x86_64.whl", hash = "sha256:a938d4d5b530f8ea988afb80817209eabc150c53b8c7af79d40080313a35e470"},
    {file = "pymongo-4.1.1-cp310-cp310-manylinux_2_5_i686.manylinux1_i686.manylinux_2_17_i686.manylinux2014_i686.whl", hash = "sha256:c604831daf2e7e5979ecd97a90cb8c4a7bae208ff45bc792e32eae09c3281afb"},
    {file = "pymongo-4.1.1-cp310-cp310-win32.whl", hash = "sha256:f9405c02af86850e0a8a8ba777b7e7609e0d07bff46adc4f78892cc2d5456018"},
    {file = "pymongo-4.1.1-cp310-cp310-win_amd64.whl", hash = "sha256:e13ddfe2ead9540e8773cae098f54c5206d6fcef64846a3e5042db47fc3a41ed"},
    {file = "pymongo-4.1.1-cp36-cp36m-macosx_10_6_intel.whl", hash = "sha256:7f36eacc70849d40ce86c85042ecfcbeab810691b1a3b08062ede32a2d6521ac"},
    {file = "pymongo-4.1.1-cp36-cp36m-manylinux1_i686.whl", hash = "sha256:302ac0f4825501ab0900b8f1a2bb2dc7d28f69c7f15fbc799fb26f9b9ebb1ecb"},
    {file = "pymongo-4.1.1-cp36-cp36m-manylinux1_x86_64.whl", hash = "sha256:9ee1b019a4640bf39c0705ab65e934cfe6b89f1a8dc26f389fae3d7c62358d6f"},
    {file = "pymongo-4.1.1-cp36-cp36m-manylinux2014_aarch64.whl", hash = "sha256:c3637cfce519560e2a2579d05eb81e912d109283b8ddc8de46f57ec20d273d92"},
    {file = "pymongo-4.1.1-cp36-cp36m-manylinux2014_i686.whl", hash = "sha256:a0d7c6d6fbca62508ea525abd869fca78ecf68cd3bcf6ae67ec478aa37cf39c0"},
    {file = "pymongo-4.1.1-cp36-cp36m-manylinux2014_ppc64le.whl", hash = "sha256:f1fba193ab2f25849e24caa4570611aa2f80bc1c1ba791851523734b4ed69e43"},
    {file = "pymongo-4.1.1-cp36-cp36m-manylinux2014_s390x.whl", hash = "sha256:c8a2743dd50629c0222f26c5f55975e45841d985b4b1c7a54b3f03b53de3427d"},
    {file = "pymongo-4.1.1-cp36-cp36m-manylinux2014_x86_64.whl", hash = "sha256:8357aa727094798f1d831339ecfd8b3e388c01db6015a3cbd51790cb75e39994"},
    {file = "pymongo-4.1.1-cp36-cp36m-manylinux_2_17_aarch64.manylinux2014_aarch64.whl", hash = "sha256:0f7e3872fb7b61ec574b7e04302ea03928b670df583f8691cb1df6e54cd42b19"},
    {file = "pymongo-4.1.1-cp36-cp36m-manylinux_2_17_ppc64le.manylinux2014_ppc64le.whl", hash = "sha256:4aa4800530782f7d38aeb169476a5bc692aacc394686f0ca3866e4bb85c9aa3f"},
    {file = "pymongo-4.1.1-cp36-cp36m-manylinux_2_17_s390x.manylinux2014_s390x.whl", hash = "sha256:7d69a3d980ecbf7238ab37b9027c87ad3b278bb3742a150fc33b5a8a9d990431"},
    {file = "pymongo-4.1.1-cp36-cp36m-manylinux_2_17_x86_64.manylinux2014_x86_64.whl", hash = "sha256:df9084e06efb3d59608a6a443faa9861828585579f0ae8e95f5a4dab70f1a00f"},
    {file = "pymongo-4.1.1-cp36-cp36m-manylinux_2_5_i686.manylinux1_i686.manylinux_2_17_i686.manylinux2014_i686.whl", hash = "sha256:be3ba736aabf856195199208ed37459408c932940cbccd2dc9f6ff2e800b0261"},
    {file = "pymongo-4.1.1-cp36-cp36m-manylinux_2_5_i686.manylinux1_i686.whl", hash = "sha256:8f106468062ac7ff03e3522a66cb7b36c662326d8eb7af1be0f30563740ff002"},
    {file = "pymongo-4.1.1-cp36-cp36m-manylinux_2_5_x86_64.manylinux1_x86_64.whl", hash = "sha256:019a4c13ef1d9accd08de70247068671b116a0383adcd684f6365219f29f41cd"},
    {file = "pymongo-4.1.1-cp36-cp36m-win32.whl", hash = "sha256:a7d1c8830a7bc10420ceb60a256d25ab5b032a6dad12a46af6ab2e470cee9124"},
    {file = "pymongo-4.1.1-cp36-cp36m-win_amd64.whl", hash = "sha256:08a619c92769bd7346434dfc331a3aa8dc63bee80ed0be250bb0e878c69a6f3e"},
    {file = "pymongo-4.1.1-cp37-cp37m-macosx_10_6_intel.whl", hash = "sha256:c1349331fa743eed4042f9652200e60596f8beb957554acbcbb42aad4272c606"},
    {file = "pymongo-4.1.1-cp37-cp37m-manylinux1_i686.whl", hash = "sha256:8a1de8931cdad8cd12724e12a6167eef8cb478cc3ee5d2c9f4670c934f2975e1"},
    {file = "pymongo-4.1.1-cp37-cp37m-manylinux1_x86_64.whl", hash = "sha256:86b18420f00d5977bda477369ac85e04185ef94046a04ae0d85f5a807d1a8eb4"},
    {file = "pymongo-4.1.1-cp37-cp37m-manylinux2014_aarch64.whl", hash = "sha256:84dc6bfeaeba98fe93fc837b12f9af4842694cdbde18083f150e80aec3de88f9"},
    {file = "pymongo-4.1.1-cp37-cp37m-manylinux2014_i686.whl", hash = "sha256:306336dab4537b2343e52ec34017c3051c3aee5a961fff4915ab27f7e6d9b1e9"},
    {file = "pymongo-4.1.1-cp37-cp37m-manylinux2014_ppc64le.whl", hash = "sha256:c481cd1af2a77f58f495f7f87c2d715c6f1179d07c1ec927cca1f7977a2d99aa"},
    {file = "pymongo-4.1.1-cp37-cp37m-manylinux2014_s390x.whl", hash = "sha256:cce1b7a680653e31ff2b252f19a39f1ded578a35a96c419ddb9632c62d2af7d8"},
    {file = "pymongo-4.1.1-cp37-cp37m-manylinux2014_x86_64.whl", hash = "sha256:35d02603c2318676fca5049cdc722bb2e7a378eaccf139ad767365e0eb3bcdbe"},
    {file = "pymongo-4.1.1-cp37-cp37m-manylinux_2_17_aarch64.manylinux2014_aarch64.whl", hash = "sha256:cf96799b3e5e2e2f6dbca015f72b28e7ae415ce8147472f89a3704a035d6336d"},
    {file = "pymongo-4.1.1-cp37-cp37m-manylinux_2_17_ppc64le.manylinux2014_ppc64le.whl", hash = "sha256:7aa40509dd9f75c256f0a7533d5e2ccef711dbbf0d91c13ac937d21d76d71656"},
    {file = "pymongo-4.1.1-cp37-cp37m-manylinux_2_17_s390x.manylinux2014_s390x.whl", hash = "sha256:4d1cdece06156542c18b691511a01fe78a694b9fa287ffd8e15680dbf2beeed5"},
    {file = "pymongo-4.1.1-cp37-cp37m-manylinux_2_17_x86_64.manylinux2014_x86_64.whl", hash = "sha256:17df40753085ccba38a0e150001f757910d66440d9b5deced30ed4cc8b45b6f3"},
    {file = "pymongo-4.1.1-cp37-cp37m-manylinux_2_5_i686.manylinux1_i686.manylinux_2_17_i686.manylinux2014_i686.whl", hash = "sha256:4516a5ce2beaebddc74d6e304ed520324dda99573c310ef4078284b026f81e93"},
    {file = "pymongo-4.1.1-cp37-cp37m-manylinux_2_5_i686.manylinux1_i686.whl", hash = "sha256:52c8b7bffd2140818ade2aa28c24cfe47935a7273a3bb976d1d8fb17e716536f"},
    {file = "pymongo-4.1.1-cp37-cp37m-manylinux_2_5_x86_64.manylinux1_x86_64.whl", hash = "sha256:7dae2cf84a09329617b08731b95ad1fc98d50a9b40c2007e351438bd119a2f7a"},
    {file = "pymongo-4.1.1-cp37-cp37m-win32.whl", hash = "sha256:0a3474e6a0df0077a44573727341df6627042df5ca61ea5373c157bb6512ccc7"},
    {file = "pymongo-4.1.1-cp37-cp37m-win_amd64.whl", hash = "sha256:deb83cc9f639045e2febcc8d4306d4b83893af8d895f2ed70aa342a3430b534c"},
    {file = "pymongo-4.1.1-cp38-cp38-macosx_10_9_x86_64.whl", hash = "sha256:298908478d07871dbe17e9ccd37a10a27ad3f37cc1faaf0cc4d205da3c3e8539"},
    {file = "pymongo-4.1.1-cp38-cp38-manylinux1_i686.whl", hash = "sha256:5d6ef3fa41f3e3be93483a77f81dea8c7ce5ed4411382a31af2b09b9ec5d9585"},
    {file = "pymongo-4.1.1-cp38-cp38-manylinux1_x86_64.whl", hash = "sha256:d06ed18917dbc7a938c4231cbbec52a7e474be270b2ef9208abb4d5a34f5ceb9"},
    {file = "pymongo-4.1.1-cp38-cp38-manylinux2014_aarch64.whl", hash = "sha256:4e4d2babb8737d650250d0fa940ffa1b88aa92b8eb399af093734950a1eeca45"},
    {file = "pymongo-4.1.1-cp38-cp38-manylinux2014_i686.whl", hash = "sha256:303d1b3da2461586379d98b344b529598c8156857285ba5bd156dab1c875d1f6"},
    {file = "pymongo-4.1.1-cp38-cp38-manylinux2014_ppc64le.whl", hash = "sha256:6396f0db060db9d8751167ea08f3a77a41a71cd39236fade4409394e57b377e8"},
    {file = "pymongo-4.1.1-cp38-cp38-manylinux2014_s390x.whl", hash = "sha256:9a4ea87a0401c06b687db29e2ae836b2b58480ab118cb6eea8ac2ef45a4345f8"},
    {file = "pymongo-4.1.1-cp38-cp38-manylinux2014_x86_64.whl", hash = "sha256:49bb36986f11da2da190a2e777a411c0a28eeb8623850091ea8099b84e3860c7"},
    {file = "pymongo-4.1.1-cp38-cp38-manylinux_2_17_aarch64.manylinux2014_aarch64.whl", hash = "sha256:5cae9c935cdc53e4729920543b7d990615a115d85f32144773bc4b2b05144628"},
    {file = "pymongo-4.1.1-cp38-cp38-manylinux_2_17_ppc64le.manylinux2014_ppc64le.whl", hash = "sha256:baf7546afd27be4f96f23307d7c295497fb512875167743b14a7457b95761294"},
    {file = "pymongo-4.1.1-cp38-cp38-manylinux_2_17_s390x.manylinux2014_s390x.whl", hash = "sha256:07f50a3b8a3afb086089abcd9ab562fb2a27b63fd7017ca13dfe7b663c8f3762"},
    {file = "pymongo-4.1.1-cp38-cp38-manylinux_2_17_x86_64.manylinux2014_x86_64.whl", hash = "sha256:0b8a1c766de29173ddbd316dbd75a97b19a4cf9ac45a39ad4f53426e5df1483b"},
    {file = "pymongo-4.1.1-cp38-cp38-manylinux_2_5_i686.manylinux1_i686.manylinux_2_17_i686.manylinux2014_i686.whl", hash = "sha256:a9a2c377106fe01a57bad0f703653de286d56ee5285ed36c6953535cfa11f928"},
    {file = "pymongo-4.1.1-cp38-cp38-manylinux_2_5_i686.manylinux1_i686.whl", hash = "sha256:dfb89e92746e4a1e0d091cba73d6cc1e16b4094ebdbb14c2e96a80320feb1ad7"},
    {file = "pymongo-4.1.1-cp38-cp38-manylinux_2_5_x86_64.manylinux1_x86_64.whl", hash = "sha256:bb21e2f35d6f09aa4a6df0c716f41e036cfcf05a98323b50294f93085ad775e9"},
    {file = "pymongo-4.1.1-cp38-cp38-win32.whl", hash = "sha256:dbe92a8808cefb284e235b8f82933d7d2e24ff929fe5d53f1fd3ca55fced4b58"},
    {file = "pymongo-4.1.1-cp38-cp38-win_amd64.whl", hash = "sha256:e6eecd027b6ba5617ea6af3e12e20d578d8f4ad1bf51a9abe69c6fd4835ea532"},
    {file = "pymongo-4.1.1-cp39-cp39-macosx_10_9_x86_64.whl", hash = "sha256:fb4445e3721720c5ca14c0650f35c263b3430e6e16df9d2504618df914b3fb99"},
    {file = "pymongo-4.1.1-cp39-cp39-manylinux1_i686.whl", hash = "sha256:f6db4f00d3baad615e99a865539391243d12b113fb628ebda1d7794ce02d5a10"},
    {file = "pymongo-4.1.1-cp39-cp39-manylinux1_x86_64.whl", hash = "sha256:571a3e1ef4abeb4ac719ac381f5aada664627b4ee048d9995e93b4bcd0f70601"},
    {file = "pymongo-4.1.1-cp39-cp39-manylinux2014_aarch64.whl", hash = "sha256:c03eb43d15c8af58159e7561076634d565530aaacaf48cf4e070c3501e88a372"},
    {file = "pymongo-4.1.1-cp39-cp39-manylinux2014_i686.whl", hash = "sha256:30d35a8855f328a85e5002f0908b24e500efdf8f5f78b73098995ce111baa2a9"},
    {file = "pymongo-4.1.1-cp39-cp39-manylinux2014_ppc64le.whl", hash = "sha256:33a5693e8d1fbb7743b7e867d43c1095652a0c6fedddab6cefe6020bee2ca393"},
    {file = "pymongo-4.1.1-cp39-cp39-manylinux2014_s390x.whl", hash = "sha256:a35f1937b0560587d478fd2259a6d4f66cf511c9d28e90b52b183745eaa77d95"},
    {file = "pymongo-4.1.1-cp39-cp39-manylinux2014_x86_64.whl", hash = "sha256:4fd5c4f25d8d488ee5701c3ec786f52907dca653b47ce8709bcc2bfb0f5506ae"},
    {file = "pymongo-4.1.1-cp39-cp39-manylinux_2_17_aarch64.manylinux2014_aarch64.whl", hash = "sha256:db8a9cbe965c7343feab2e2bf9a3771f303f8a7ca401dececb6ef28e06b3b18c"},
    {file = "pymongo-4.1.1-cp39-cp39-manylinux_2_17_ppc64le.manylinux2014_ppc64le.whl", hash = "sha256:7f55a602d55e8f0feafde533c69dfd29bf0e54645ab0996b605613cda6894a85"},
    {file = "pymongo-4.1.1-cp39-cp39-manylinux_2_17_s390x.manylinux2014_s390x.whl", hash = "sha256:a4a35e83abfdac7095430e1c1476e0871e4b234e936f4a7a7631531b09a4f198"},
    {file = "pymongo-4.1.1-cp39-cp39-manylinux_2_17_x86_64.manylinux2014_x86_64.whl", hash = "sha256:32e785c37f6a0e844788c6085ea2c9c0c528348c22cebe91896705a92f2b1b26"},
    {file = "pymongo-4.1.1-cp39-cp39-manylinux_2_5_i686.manylinux1_i686.manylinux_2_17_i686.manylinux2014_i686.whl", hash = "sha256:bc62ba37bcb42e4146b853940b65a2de31c2962d2b6da9bc3ce28270d13b5c4e"},
    {file = "pymongo-4.1.1-cp39-cp39-manylinux_2_5_i686.manylinux1_i686.whl", hash = "sha256:d86511ef8217822fb8716460aaa1ece31fe9e8a48900e541cb35acb7c35e9e2e"},
    {file = "pymongo-4.1.1-cp39-cp39-manylinux_2_5_x86_64.manylinux1_x86_64.whl", hash = "sha256:e4956384340eec7b526149ac126c8aa11d32441cb3ce77a690cb4821d0d0635c"},
    {file = "pymongo-4.1.1-cp39-cp39-win32.whl", hash = "sha256:3139c9ddee379c22a9109a0b3bf4cdb64597db2bbd3909f7a2825b47226977a4"},
    {file = "pymongo-4.1.1-cp39-cp39-win_amd64.whl", hash = "sha256:f0aea377b9dfc166c8fa05bb158c30ee3d53d73f0ed2fc05ba6c638d9563422f"},
    {file = "pymongo-4.1.1.tar.gz", hash = "sha256:d7b8f25c9b0043cbaf77b8b895814e33e7a3c807a097377c07e1bd49946030d5"},
]
python-dateutil = [
    {file = "python-dateutil-2.8.2.tar.gz", hash = "sha256:0123cacc1627ae19ddf3c27a5de5bd67ee4586fbdd6440d9748f8abb483d3e86"},
    {file = "python_dateutil-2.8.2-py2.py3-none-any.whl", hash = "sha256:961d03dc3453ebbc59dbdea9e4e11c5651520a876d0f4db161e8674aae935da9"},
]
python-telegram-bot = [
    {file = "python-telegram-bot-12.8.tar.gz", hash = "sha256:327186c56469216207dcdf8706892e58e0a62e51ef46f5143268e387bbb4edc3"},
    {file = "python_telegram_bot-12.8-py2.py3-none-any.whl", hash = "sha256:7eebed539ccacf77896cff9e41d1f68746b8ff3ca4da1e2e59285e9c749cb050"},
]
pytz = [
    {file = "pytz-2022.1-py2.py3-none-any.whl", hash = "sha256:e68985985296d9a66a881eb3193b0906246245294a881e7c8afe623866ac6a5c"},
    {file = "pytz-2022.1.tar.gz", hash = "sha256:1e760e2fe6a8163bc0b3d9a19c4f84342afa0a2affebfaa84b01b978a02ecaa7"},
]
pytz-deprecation-shim = [
    {file = "pytz_deprecation_shim-0.1.0.post0-py2.py3-none-any.whl", hash = "sha256:8314c9692a636c8eb3bda879b9f119e350e93223ae83e70e80c31675a0fdc1a6"},
    {file = "pytz_deprecation_shim-0.1.0.post0.tar.gz", hash = "sha256:af097bae1b616dde5c5744441e2ddc69e74dfdcb0c263129610d85b87445a59d"},
]
six = [
    {file = "six-1.16.0-py2.py3-none-any.whl", hash = "sha256:8abb2f1d86890a2dfb989f9a77cfcfd3e47c2a354b01111771326f8aa26e0254"},
    {file = "six-1.16.0.tar.gz", hash = "sha256:1e61c37477a1626458e36f7b1d82aa5c9b094fa4802892072e49de9c60c4c926"},
]
timezonefinder = [
    {file = "timezonefinder-5.2.0-py36.py37.py38-none-any.whl", hash = "sha256:4545533086eb25cd7ba10b97785059acbababf4577ab1b4d5c2ab56642eadfea"},
    {file = "timezonefinder-5.2.0.tar.gz", hash = "sha256:a374570295a8dbd923630ce85f754e52578e288cb0a9cf575834415e84758352"},
]
tornado = [
    {file = "tornado-6.1-cp35-cp35m-macosx_10_9_x86_64.whl", hash = "sha256:d371e811d6b156d82aa5f9a4e08b58debf97c302a35714f6f45e35139c332e32"},
    {file = "tornado-6.1-cp35-cp35m-manylinux1_i686.whl", hash = "sha256:0d321a39c36e5f2c4ff12b4ed58d41390460f798422c4504e09eb5678e09998c"},
    {file = "tornado-6.1-cp35-cp35m-manylinux1_x86_64.whl", hash = "sha256:9de9e5188a782be6b1ce866e8a51bc76a0fbaa0e16613823fc38e4fc2556ad05"},
    {file = "tornado-6.1-cp35-cp35m-manylinux2010_i686.whl", hash = "sha256:61b32d06ae8a036a6607805e6720ef00a3c98207038444ba7fd3d169cd998910"},
    {file = "tornado-6.1-cp35-cp35m-manylinux2010_x86_64.whl", hash = "sha256:3e63498f680547ed24d2c71e6497f24bca791aca2fe116dbc2bd0ac7f191691b"},
    {file = "tornado-6.1-cp35-cp35m-manylinux2014_aarch64.whl", hash = "sha256:6c77c9937962577a6a76917845d06af6ab9197702a42e1346d8ae2e76b5e3675"},
    {file = "tornado-6.1-cp35-cp35m-win32.whl", hash = "sha256:6286efab1ed6e74b7028327365cf7346b1d777d63ab30e21a0f4d5b275fc17d5"},
    {file = "tornado-6.1-cp35-cp35m-win_amd64.whl", hash = "sha256:fa2ba70284fa42c2a5ecb35e322e68823288a4251f9ba9cc77be04ae15eada68"},
    {file = "tornado-6.1-cp36-cp36m-macosx_10_9_x86_64.whl", hash = "sha256:0a00ff4561e2929a2c37ce706cb8233b7907e0cdc22eab98888aca5dd3775feb"},
    {file = "tornado-6.1-cp36-cp36m-manylinux1_i686.whl", hash = "sha256:748290bf9112b581c525e6e6d3820621ff020ed95af6f17fedef416b27ed564c"},
    {file = "tornado-6.1-cp36-cp36m-manylinux1_x86_64.whl", hash = "sha256:e385b637ac3acaae8022e7e47dfa7b83d3620e432e3ecb9a3f7f58f150e50921"},
    {file = "tornado-6.1-cp36-cp36m-manylinux2010_i686.whl", hash = "sha256:25ad220258349a12ae87ede08a7b04aca51237721f63b1808d39bdb4b2164558"},
    {file = "tornado-6.1-cp36-cp36m-manylinux2010_x86_64.whl", hash = "sha256:65d98939f1a2e74b58839f8c4dab3b6b3c1ce84972ae712be02845e65391ac7c"},
    {file = "tornado-6.1-cp36-cp36m-manylinux2014_aarch64.whl", hash = "sha256:e519d64089b0876c7b467274468709dadf11e41d65f63bba207e04217f47c085"},
    {file = "tornado-6.1-cp36-cp36m-win32.whl", hash = "sha256:b87936fd2c317b6ee08a5741ea06b9d11a6074ef4cc42e031bc6403f82a32575"},
    {file = "tornado-6.1-cp36-cp36m-win_amd64.whl", hash = "sha256:cc0ee35043162abbf717b7df924597ade8e5395e7b66d18270116f8745ceb795"},
    {file = "tornado-6.1-cp37-cp37m-macosx_10_9_x86_64.whl", hash = "sha256:7250a3fa399f08ec9cb3f7b1b987955d17e044f1ade821b32e5f435130250d7f"},
    {file = "tornado-6.1-cp37-cp37m-manylinux1_i686.whl", hash = "sha256:ed3ad863b1b40cd1d4bd21e7498329ccaece75db5a5bf58cd3c9f130843e7102"},
    {file = "tornado-6.1-cp37-cp37m-manylinux1_x86_64.whl", hash = "sha256:dcef026f608f678c118779cd6591c8af6e9b4155c44e0d1bc0c87c036fb8c8c4"},
    {file = "tornado-6.1-cp37-cp37m-manylinux2010_i686.whl", hash = "sha256:70dec29e8ac485dbf57481baee40781c63e381bebea080991893cd297742b8fd"},
    {file = "tornado-6.1-cp37-cp37m-manylinux2010_x86_64.whl", hash = "sha256:d3f7594930c423fd9f5d1a76bee85a2c36fd8b4b16921cae7e965f22575e9c01"},
    {file = "tornado-6.1-cp37-cp37m-manylinux2014_aarch64.whl", hash = "sha256:3447475585bae2e77ecb832fc0300c3695516a47d46cefa0528181a34c5b9d3d"},
    {file = "tornado-6.1-cp37-cp37m-win32.whl", hash = "sha256:e7229e60ac41a1202444497ddde70a48d33909e484f96eb0da9baf8dc68541df"},
    {file = "tornado-6.1-cp37-cp37m-win_amd64.whl", hash = "sha256:cb5ec8eead331e3bb4ce8066cf06d2dfef1bfb1b2a73082dfe8a161301b76e37"},
    {file = "tornado-6.1-cp38-cp38-macosx_10_9_x86_64.whl", hash = "sha256:20241b3cb4f425e971cb0a8e4ffc9b0a861530ae3c52f2b0434e6c1b57e9fd95"},
    {file = "tornado-6.1-cp38-cp38-manylinux1_i686.whl", hash = "sha256:c77da1263aa361938476f04c4b6c8916001b90b2c2fdd92d8d535e1af48fba5a"},
    {file = "tornado-6.1-cp38-cp38-manylinux1_x86_64.whl", hash = "sha256:fba85b6cd9c39be262fcd23865652920832b61583de2a2ca907dbd8e8a8c81e5"},
    {file = "tornado-6.1-cp38-cp38-manylinux2010_i686.whl", hash = "sha256:1e8225a1070cd8eec59a996c43229fe8f95689cb16e552d130b9793cb570a288"},
    {file = "tornado-6.1-cp38-cp38-manylinux2010_x86_64.whl", hash = "sha256:d14d30e7f46a0476efb0deb5b61343b1526f73ebb5ed84f23dc794bdb88f9d9f"},
    {file = "tornado-6.1-cp38-cp38-manylinux2014_aarch64.whl", hash = "sha256:8f959b26f2634a091bb42241c3ed8d3cedb506e7c27b8dd5c7b9f745318ddbb6"},
    {file = "tornado-6.1-cp38-cp38-win32.whl", hash = "sha256:34ca2dac9e4d7afb0bed4677512e36a52f09caa6fded70b4e3e1c89dbd92c326"},
    {file = "tornado-6.1-cp38-cp38-win_amd64.whl", hash = "sha256:6196a5c39286cc37c024cd78834fb9345e464525d8991c21e908cc046d1cc02c"},
    {file = "tornado-6.1-cp39-cp39-macosx_10_9_x86_64.whl", hash = "sha256:f0ba29bafd8e7e22920567ce0d232c26d4d47c8b5cf4ed7b562b5db39fa199c5"},
    {file = "tornado-6.1-cp39-cp39-manylinux1_i686.whl", hash = "sha256:33892118b165401f291070100d6d09359ca74addda679b60390b09f8ef325ffe"},
    {file = "tornado-6.1-cp39-cp39-manylinux1_x86_64.whl", hash = "sha256:7da13da6f985aab7f6f28debab00c67ff9cbacd588e8477034c0652ac141feea"},
    {file = "tornado-6.1-cp39-cp39-manylinux2010_i686.whl", hash = "sha256:e0791ac58d91ac58f694d8d2957884df8e4e2f6687cdf367ef7eb7497f79eaa2"},
    {file = "tornado-6.1-cp39-cp39-manylinux2010_x86_64.whl", hash = "sha256:66324e4e1beede9ac79e60f88de548da58b1f8ab4b2f1354d8375774f997e6c0"},
    {file = "tornado-6.1-cp39-cp39-manylinux2014_aarch64.whl", hash = "sha256:a48900ecea1cbb71b8c71c620dee15b62f85f7c14189bdeee54966fbd9a0c5bd"},
    {file = "tornado-6.1-cp39-cp39-win32.whl", hash = "sha256:d3d20ea5782ba63ed13bc2b8c291a053c8d807a8fa927d941bd718468f7b950c"},
    {file = "tornado-6.1-cp39-cp39-win_amd64.whl", hash = "sha256:548430be2740e327b3fe0201abe471f314741efcb0067ec4f2d7dcfb4825f3e4"},
    {file = "tornado-6.1.tar.gz", hash = "sha256:33c6e81d7bd55b468d2e793517c909b139960b6c790a60b7991b9b6b76fb9791"},
]
tzdata = [
    {file = "tzdata-2022.1-py2.py3-none-any.whl", hash = "sha256:238e70234214138ed7b4e8a0fab0e5e13872edab3be586ab8198c407620e2ab9"},
    {file = "tzdata-2022.1.tar.gz", hash = "sha256:8b536a8ec63dc0751342b3984193a3118f8fca2afe25752bb9b7fffd398552d3"},
]
tzlocal = [
    {file = "tzlocal-4.2-py3-none-any.whl", hash = "sha256:89885494684c929d9191c57aa27502afc87a579be5cdd3225c77c463ea043745"},
    {file = "tzlocal-4.2.tar.gz", hash = "sha256:ee5842fa3a795f023514ac2d801c4a81d1743bbe642e3940143326b3a00addd7"},
]
zmanim = [
    {file = "zmanim-0.3.1-py3-none-any.whl", hash = "sha256:ae3cf6d8878d7a50ed6beb76c6da7abca5063b02f70e781519d705b5cc317d79"},
    {file = "zmanim-0.3.1.tar.gz", hash = "sha256:10883ae3f0903175d5f038ef5a12fba37bec71e0ea1713712720c77b3926d2b0"},
]
